{
  "name": "js",
  "version": "0.0.0",
  "lockfileVersion": 3,
  "requires": true,
  "packages": {
    "": {
      "name": "js",
      "version": "0.0.0",
      "dependencies": {
        "firebase-auto-ids": "^1.1.0",
        "node-petname": "^1.0.1"
      }
    },
    "node_modules/firebase-auto-ids": {
      "version": "1.1.0",
      "resolved": "https://registry.npmjs.org/firebase-auto-ids/-/firebase-auto-ids-1.1.0.tgz",
      "integrity": "sha512-q35BzhEDEO7iuvgV/5ou7nZhTbhOTG3Oau/pn6K/U1Ua76HtuJE5tH+0Op8a4B+c8nl6Q80rGwQhLvYbQvOxGQ=="
    },
    "node_modules/node-petname": {
      "version": "1.0.1",
      "resolved": "https://registry.npmjs.org/node-petname/-/node-petname-1.0.1.tgz",
      "integrity": "sha512-/PCCKdrPwYYm0rdBRR0AtezwoxeeBcKb7nn98rz3JPvifpmIx7YzyRSksl/AmSwmZQq4m2XsE1eM2QFbG4N8MQ=="
    }
  }
}
